
Microsoft Visual Studio Solution File, Format Version 12.00
# Visual Studio 15
VisualStudioVersion = 15.0.26730.12
MinimumVisualStudioVersion = 10.0.40219.1
Project("{9A19103F-16F7-4668-BE54-9A1E7A4F7556}") = "app", "app.csproj", "{8C2636C8-53DE-43C4-9A29-AF43808C7E9E}"
EndProject
Global
	GlobalSection(SolutionConfigurationPlatforms) = preSolution
		Debug|Any CPU = Debug|Any CPU
		Release|Any CPU = Release|Any CPU
	EndGlobalSection
	GlobalSection(ProjectConfigurationPlatforms) = postSolution
		{8C2636C8-53DE-43C4-9A29-AF43808C7E9E}.Debug|Any CPU.ActiveCfg = Debug|Any CPU
		{8C2636C8-53DE-43C4-9A29-AF43808C7E9E}.Debug|Any CPU.Build.0 = Debug|Any CPU
		{8C2636C8-53DE-43C4-9A29-AF43808C7E9E}.Release|Any CPU.ActiveCfg = Release|Any CPU
		{8C2636C8-53DE-43C4-9A29-AF43808C7E9E}.Release|Any CPU.Build.0 = Release|Any CPU
	EndGlobalSection
	GlobalSection(SolutionProperties) = preSolution
		HideSolutionNode = FALSE
	EndGlobalSection
	GlobalSection(ExtensibilityGlobals) = postSolution
		SolutionGuid = {22557A0B-AB0B-4F15-B0C2-9CDC6CD3DE3B}
	EndGlobalSection
EndGlobal
